// !$*UTF8*$!
{
	archiveVersion = 1;
	classes = {
	};
	objectVersion = 60;
	objects = {

/* Begin PBXBuildFile section */
		261FC2062C0342B4000F5847 /* nfc_in_kmp in Frameworks */ = {isa = PBXBuildFile; productRef = 261FC2052C0342B4000F5847 /* nfc_in_kmp */; };
		26F252002BEF6DF1000D7DFD /* NFC_in_KMP_IOS_DemoApp.swift in Sources */ = {isa = PBXBuildFile; fileRef = 26F251FF2BEF6DF1000D7DFD /* NFC_in_KMP_IOS_DemoApp.swift */; };
		26F252022BEF6DF1000D7DFD /* ContentView.swift in Sources */ = {isa = PBXBuildFile; fileRef = 26F252012BEF6DF1000D7DFD /* ContentView.swift */; };
		26F252042BEF6DF2000D7DFD /* Assets.xcassets in Resources */ = {isa = PBXBuildFile; fileRef = 26F252032BEF6DF2000D7DFD /* Assets.xcassets */; };
		26F252072BEF6DF2000D7DFD /* Preview Assets.xcassets in Resources */ = {isa = PBXBuildFile; fileRef = 26F252062BEF6DF2000D7DFD /* Preview Assets.xcassets */; };
		26F2520F2BEF74CB000D7DFD /* nfc_in_kmp in Frameworks */ = {isa = PBXBuildFile; productRef = 26F2520E2BEF74CB000D7DFD /* nfc_in_kmp */; };
/* End PBXBuildFile section */

/* Begin PBXFileReference section */
		263D04592BEFA974008E9A4C /* NFC-in-KMP-IOS-Demo.entitlements */ = {isa = PBXFileReference; lastKnownFileType = text.plist.entitlements; path = "NFC-in-KMP-IOS-Demo.entitlements"; sourceTree = "<group>"; };
		26F251FC2BEF6DF1000D7DFD /* NFC-in-KMP-IOS-Demo.app */ = {isa = PBXFileReference; explicitFileType = wrapper.application; includeInIndex = 0; path = "NFC-in-KMP-IOS-Demo.app"; sourceTree = BUILT_PRODUCTS_DIR; };
		26F251FF2BEF6DF1000D7DFD /* NFC_in_KMP_IOS_DemoApp.swift */ = {isa = PBXFileReference; lastKnownFileType = sourcecode.swift; path = NFC_in_KMP_IOS_DemoApp.swift; sourceTree = "<group>"; };
		26F252012BEF6DF1000D7DFD /* ContentView.swift */ = {isa = PBXFileReference; lastKnownFileType = sourcecode.swift; path = ContentView.swift; sourceTree = "<group>"; };
		26F252032BEF6DF2000D7DFD /* Assets.xcassets */ = {isa = PBXFileReference; lastKnownFileType = folder.assetcatalog; path = Assets.xcassets; sourceTree = "<group>"; };
		26F252062BEF6DF2000D7DFD /* Preview Assets.xcassets */ = {isa = PBXFileReference; lastKnownFileType = folder.assetcatalog; path = "Preview Assets.xcassets"; sourceTree = "<group>"; };
/* End PBXFileReference section */

/* Begin PBXFrameworksBuildPhase section */
		26F251F92BEF6DF1000D7DFD /* Frameworks */ = {
			isa = PBXFrameworksBuildPhase;
			buildActionMask = 2147483647;
			files = (
				261FC2062C0342B4000F5847 /* nfc_in_kmp in Frameworks */,
				26F2520F2BEF74CB000D7DFD /* nfc_in_kmp in Frameworks */,
			);
			runOnlyForDeploymentPostprocessing = 0;
		};
/* End PBXFrameworksBuildPhase section */

/* Begin PBXGroup section */
		26F251F32BEF6DF1000D7DFD = {
			isa = PBXGroup;
			children = (
				26F251FE2BEF6DF1000D7DFD /* NFC-in-KMP-IOS-Demo */,
				26F251FD2BEF6DF1000D7DFD /* Products */,
			);
			sourceTree = "<group>";
		};
		26F251FD2BEF6DF1000D7DFD /* Products */ = {
			isa = PBXGroup;
			children = (
				26F251FC2BEF6DF1000D7DFD /* NFC-in-KMP-IOS-Demo.app */,
			);
			name = Products;
			sourceTree = "<group>";
		};
		26F251FE2BEF6DF1000D7DFD /* NFC-in-KMP-IOS-Demo */ = {
			isa = PBXGroup;
			children = (
				263D04592BEFA974008E9A4C /* NFC-in-KMP-IOS-Demo.entitlements */,
				26F251FF2BEF6DF1000D7DFD /* NFC_in_KMP_IOS_DemoApp.swift */,
				26F252012BEF6DF1000D7DFD /* ContentView.swift */,
				26F252032BEF6DF2000D7DFD /* Assets.xcassets */,
				26F252052BEF6DF2000D7DFD /* Preview Content */,
			);
			path = "NFC-in-KMP-IOS-Demo";
			sourceTree = "<group>";
		};
		26F252052BEF6DF2000D7DFD /* Preview Content */ = {
			isa = PBXGroup;
			children = (
				26F252062BEF6DF2000D7DFD /* Preview Assets.xcassets */,
			);
			path = "Preview Content";
			sourceTree = "<group>";
		};
/* End PBXGroup section */

/* Begin PBXNativeTarget section */
		26F251FB2BEF6DF1000D7DFD /* NFC-in-KMP-IOS-Demo */ = {
			isa = PBXNativeTarget;
			buildConfigurationList = 26F2520A2BEF6DF2000D7DFD /* Build configuration list for PBXNativeTarget "NFC-in-KMP-IOS-Demo" */;
			buildPhases = (
				26F251F82BEF6DF1000D7DFD /* Sources */,
				26F251F92BEF6DF1000D7DFD /* Frameworks */,
				26F251FA2BEF6DF1000D7DFD /* Resources */,
			);
			buildRules = (
			);
			dependencies = (
			);
			name = "NFC-in-KMP-IOS-Demo";
			packageProductDependencies = (
				26F2520E2BEF74CB000D7DFD /* nfc_in_kmp */,
				261FC2052C0342B4000F5847 /* nfc_in_kmp */,
			);
			productName = "NFC-in-KMP-IOS-Demo";
			productReference = 26F251FC2BEF6DF1000D7DFD /* NFC-in-KMP-IOS-Demo.app */;
			productType = "com.apple.product-type.application";
		};
/* End PBXNativeTarget section */

/* Begin PBXProject section */
		26F251F42BEF6DF1000D7DFD /* Project object */ = {
			isa = PBXProject;
			attributes = {
				BuildIndependentTargetsInParallel = 1;
				LastSwiftUpdateCheck = 1530;
				LastUpgradeCheck = 1530;
				TargetAttributes = {
					26F251FB2BEF6DF1000D7DFD = {
						CreatedOnToolsVersion = 15.3;
					};
				};
			};
			buildConfigurationList = 26F251F72BEF6DF1000D7DFD /* Build configuration list for PBXProject "NFC-in-KMP-IOS-Demo" */;
			compatibilityVersion = "Xcode 14.0";
			developmentRegion = en;
			hasScannedForEncodings = 0;
			knownRegions = (
				en,
				Base,
			);
			mainGroup = 26F251F32BEF6DF1000D7DFD;
			packageReferences = (
				261FC2042C0342B4000F5847 /* XCLocalSwiftPackageReference "../nfc_in_kmp" */,
			);
			productRefGroup = 26F251FD2BEF6DF1000D7DFD /* Products */;
			projectDirPath = "";
			projectRoot = "";
			targets = (
				26F251FB2BEF6DF1000D7DFD /* NFC-in-KMP-IOS-Demo */,
			);
		};
/* End PBXProject section */

/* Begin PBXResourcesBuildPhase section */
		26F251FA2BEF6DF1000D7DFD /* Resources */ = {
			isa = PBXResourcesBuildPhase;
			buildActionMask = 2147483647;
			files = (
				26F252072BEF6DF2000D7DFD /* Preview Assets.xcassets in Resources */,
				26F252042BEF6DF2000D7DFD /* Assets.xcassets in Resources */,
			);
			runOnlyForDeploymentPostprocessing = 0;
		};
/* End PBXResourcesBuildPhase section */

/* Begin PBXSourcesBuildPhase section */
		26F251F82BEF6DF1000D7DFD /* Sources */ = {
			isa = PBXSourcesBuildPhase;
			buildActionMask = 2147483647;
			files = (
				26F252022BEF6DF1000D7DFD /* ContentView.swift in Sources */,
				26F252002BEF6DF1000D7DFD /* NFC_in_KMP_IOS_DemoApp.swift in Sources */,
			);
			runOnlyForDeploymentPostprocessing = 0;
		};
/* End PBXSourcesBuildPhase section */

/* Begin XCBuildConfiguration section */
		26F252082BEF6DF2000D7DFD /* Debug */ = {
			isa = XCBuildConfiguration;
			buildSettings = {
				ALWAYS_SEARCH_USER_PATHS = NO;
				ASSETCATALOG_COMPILER_GENERATE_SWIFT_ASSET_SYMBOL_EXTENSIONS = YES;
				CLANG_ANALYZER_NONNULL = YES;
				CLANG_ANALYZER_NUMBER_OBJECT_CONVERSION = YES_AGGRESSIVE;
				CLANG_CXX_LANGUAGE_STANDARD = "gnu++20";
				CLANG_ENABLE_MODULES = YES;
				CLANG_ENABLE_OBJC_ARC = YES;
				CLANG_ENABLE_OBJC_WEAK = YES;
				CLANG_WARN_BLOCK_CAPTURE_AUTORELEASING = YES;
				CLANG_WARN_BOOL_CONVERSION = YES;
				CLANG_WARN_COMMA = YES;
				CLANG_WARN_CONSTANT_CONVERSION = YES;
				CLANG_WARN_DEPRECATED_OBJC_IMPLEMENTATIONS = YES;
				CLANG_WARN_DIRECT_OBJC_ISA_USAGE = YES_ERROR;
				CLANG_WARN_DOCUMENTATION_COMMENTS = YES;
				CLANG_WARN_EMPTY_BODY = YES;
				CLANG_WARN_ENUM_CONVERSION = YES;
				CLANG_WARN_INFINITE_RECURSION = YES;
				CLANG_WARN_INT_CONVERSION = YES;
				CLANG_WARN_NON_LITERAL_NULL_CONVERSION = YES;
				CLANG_WARN_OBJC_IMPLICIT_RETAIN_SELF = YES;
				CLANG_WARN_OBJC_LITERAL_CONVERSION = YES;
				CLANG_WARN_OBJC_ROOT_CLASS = YES_ERROR;
				CLANG_WARN_QUOTED_INCLUDE_IN_FRAMEWORK_HEADER = YES;
				CLANG_WARN_RANGE_LOOP_ANALYSIS = YES;
				CLANG_WARN_STRICT_PROTOTYPES = YES;
				CLANG_WARN_SUSPICIOUS_MOVE = YES;
				CLANG_WARN_UNGUARDED_AVAILABILITY = YES_AGGRESSIVE;
				CLANG_WARN_UNREACHABLE_CODE = YES;
				CLANG_WARN__DUPLICATE_METHOD_MATCH = YES;
				COPY_PHASE_STRIP = NO;
				DEBUG_INFORMATION_FORMAT = dwarf;
				ENABLE_STRICT_OBJC_MSGSEND = YES;
				ENABLE_TESTABILITY = YES;
				ENABLE_USER_SCRIPT_SANDBOXING = YES;
				GCC_C_LANGUAGE_STANDARD = gnu17;
				GCC_DYNAMIC_NO_PIC = NO;
				GCC_NO_COMMON_BLOCKS = YES;
				GCC_OPTIMIZATION_LEVEL = 0;
				GCC_PREPROCESSOR_DEFINITIONS = (
					"DEBUG=1",
					"$(inherited)",
				);
				GCC_WARN_64_TO_32_BIT_CONVERSION = YES;
				GCC_WARN_ABOUT_RETURN_TYPE = YES_ERROR;
				GCC_WARN_UNDECLARED_SELECTOR = YES;
				GCC_WARN_UNINITIALIZED_AUTOS = YES_AGGRESSIVE;
				GCC_WARN_UNUSED_FUNCTION = YES;
				GCC_WARN_UNUSED_VARIABLE = YES;
				IPHONEOS_DEPLOYMENT_TARGET = 17.4;
				LOCALIZATION_PREFERS_STRING_CATALOGS = YES;
				MTL_ENABLE_DEBUG_INFO = INCLUDE_SOURCE;
				MTL_FAST_MATH = YES;
				ONLY_ACTIVE_ARCH = YES;
				SDKROOT = iphoneos;
				SWIFT_ACTIVE_COMPILATION_CONDITIONS = "DEBUG $(inherited)";
				SWIFT_OPTIMIZATION_LEVEL = "-Onone";
			};
			name = Debug;
		};
		26F252092BEF6DF2000D7DFD /* Release */ = {
			isa = XCBuildConfiguration;
			buildSettings = {
				ALWAYS_SEARCH_USER_PATHS = NO;
				ASSETCATALOG_COMPILER_GENERATE_SWIFT_ASSET_SYMBOL_EXTENSIONS = YES;
				CLANG_ANALYZER_NONNULL = YES;
				CLANG_ANALYZER_NUMBER_OBJECT_CONVERSION = YES_AGGRESSIVE;
				CLANG_CXX_LANGUAGE_STANDARD = "gnu++20";
				CLANG_ENABLE_MODULES = YES;
				CLANG_ENABLE_OBJC_ARC = YES;
				CLANG_ENABLE_OBJC_WEAK = YES;
				CLANG_WARN_BLOCK_CAPTURE_AUTORELEASING = YES;
				CLANG_WARN_BOOL_CONVERSION = YES;
				CLANG_WARN_COMMA = YES;
				CLANG_WARN_CONSTANT_CONVERSION = YES;
				CLANG_WARN_DEPRECATED_OBJC_IMPLEMENTATIONS = YES;
				CLANG_WARN_DIRECT_OBJC_ISA_USAGE = YES_ERROR;
				CLANG_WARN_DOCUMENTATION_COMMENTS = YES;
				CLANG_WARN_EMPTY_BODY = YES;
				CLANG_WARN_ENUM_CONVERSION = YES;
				CLANG_WARN_INFINITE_RECURSION = YES;
				CLANG_WARN_INT_CONVERSION = YES;
				CLANG_WARN_NON_LITERAL_NULL_CONVERSION = YES;
				CLANG_WARN_OBJC_IMPLICIT_RETAIN_SELF = YES;
				CLANG_WARN_OBJC_LITERAL_CONVERSION = YES;
				CLANG_WARN_OBJC_ROOT_CLASS = YES_ERROR;
				CLANG_WARN_QUOTED_INCLUDE_IN_FRAMEWORK_HEADER = YES;
				CLANG_WARN_RANGE_LOOP_ANALYSIS = YES;
				CLANG_WARN_STRICT_PROTOTYPES = YES;
				CLANG_WARN_SUSPICIOUS_MOVE = YES;
				CLANG_WARN_UNGUARDED_AVAILABILITY = YES_AGGRESSIVE;
				CLANG_WARN_UNREACHABLE_CODE = YES;
				CLANG_WARN__DUPLICATE_METHOD_MATCH = YES;
				COPY_PHASE_STRIP = NO;
				DEBUG_INFORMATION_FORMAT = "dwarf-with-dsym";
				ENABLE_NS_ASSERTIONS = NO;
				ENABLE_STRICT_OBJC_MSGSEND = YES;
				ENABLE_USER_SCRIPT_SANDBOXING = YES;
				GCC_C_LANGUAGE_STANDARD = gnu17;
				GCC_NO_COMMON_BLOCKS = YES;
				GCC_WARN_64_TO_32_BIT_CONVERSION = YES;
				GCC_WARN_ABOUT_RETURN_TYPE = YES_ERROR;
				GCC_WARN_UNDECLARED_SELECTOR = YES;
				GCC_WARN_UNINITIALIZED_AUTOS = YES_AGGRESSIVE;
				GCC_WARN_UNUSED_FUNCTION = YES;
				GCC_WARN_UNUSED_VARIABLE = YES;
				IPHONEOS_DEPLOYMENT_TARGET = 17.4;
				LOCALIZATION_PREFERS_STRING_CATALOGS = YES;
				MTL_ENABLE_DEBUG_INFO = NO;
				MTL_FAST_MATH = YES;
				SDKROOT = iphoneos;
				SWIFT_COMPILATION_MODE = wholemodule;
				VALIDATE_PRODUCT = YES;
			};
			name = Release;
		};
		26F2520B2BEF6DF2000D7DFD /* Debug */ = {
			isa = XCBuildConfiguration;
			buildSettings = {
				ASSETCATALOG_COMPILER_APPICON_NAME = AppIcon;
				ASSETCATALOG_COMPILER_GLOBAL_ACCENT_COLOR_NAME = AccentColor;
				CODE_SIGN_ENTITLEMENTS = "NFC-in-KMP-IOS-Demo/NFC-in-KMP-IOS-Demo.entitlements";
				CODE_SIGN_STYLE = Automatic;
				CURRENT_PROJECT_VERSION = 1;
				DEVELOPMENT_ASSET_PATHS = "\"NFC-in-KMP-IOS-Demo/Preview Content\"";
				DEVELOPMENT_TEAM = 57XSX6GW46;
				ENABLE_PREVIEWS = YES;
				GENERATE_INFOPLIST_FILE = YES;
				INFOPLIST_KEY_NFCReaderUsageDescription = "Get NFC Tags";
				INFOPLIST_KEY_UIApplicationSceneManifest_Generation = YES;
				INFOPLIST_KEY_UIApplicationSupportsIndirectInputEvents = YES;
				INFOPLIST_KEY_UILaunchScreen_Generation = YES;
				INFOPLIST_KEY_UISupportedInterfaceOrientations_iPad = "UIInterfaceOrientationPortrait UIInterfaceOrientationPortraitUpsideDown UIInterfaceOrientationLandscapeLeft UIInterfaceOrientationLandscapeRight";
				INFOPLIST_KEY_UISupportedInterfaceOrientations_iPhone = "UIInterfaceOrientationPortrait UIInterfaceOrientationLandscapeLeft UIInterfaceOrientationLandscapeRight";
				IPHONEOS_DEPLOYMENT_TARGET = 14.0;
				LD_RUNPATH_SEARCH_PATHS = (
					"$(inherited)",
					"@executable_path/Frameworks",
				);
				MARKETING_VERSION = 1.0;
				PRODUCT_BUNDLE_IDENTIFIER = "diarmuiddevs.NFC-in-KMP-IOSDemo";
				PRODUCT_NAME = "$(TARGET_NAME)";
				SWIFT_EMIT_LOC_STRINGS = YES;
				SWIFT_VERSION = 5.0;
				TARGETED_DEVICE_FAMILY = "1,2";
			};
			name = Debug;
		};
		26F2520C2BEF6DF2000D7DFD /* Release */ = {
			isa = XCBuildConfiguration;
			buildSettings = {
				ASSETCATALOG_COMPILER_APPICON_NAME = AppIcon;
				ASSETCATALOG_COMPILER_GLOBAL_ACCENT_COLOR_NAME = AccentColor;
				CODE_SIGN_ENTITLEMENTS = "NFC-in-KMP-IOS-Demo/NFC-in-KMP-IOS-Demo.entitlements";
				CODE_SIGN_STYLE = Automatic;
				CURRENT_PROJECT_VERSION = 1;
				DEVELOPMENT_ASSET_PATHS = "\"NFC-in-KMP-IOS-Demo/Preview Content\"";
				DEVELOPMENT_TEAM = 57XSX6GW46;
				ENABLE_PREVIEWS = YES;
				GENERATE_INFOPLIST_FILE = YES;
				INFOPLIST_KEY_NFCReaderUsageDescription = "Get NFC Tags";
				INFOPLIST_KEY_UIApplicationSceneManifest_Generation = YES;
				INFOPLIST_KEY_UIApplicationSupportsIndirectInputEvents = YES;
				INFOPLIST_KEY_UILaunchScreen_Generation = YES;
				INFOPLIST_KEY_UISupportedInterfaceOrientations_iPad = "UIInterfaceOrientationPortrait UIInterfaceOrientationPortraitUpsideDown UIInterfaceOrientationLandscapeLeft UIInterfaceOrientationLandscapeRight";
				INFOPLIST_KEY_UISupportedInterfaceOrientations_iPhone = "UIInterfaceOrientationPortrait UIInterfaceOrientationLandscapeLeft UIInterfaceOrientationLandscapeRight";
				IPHONEOS_DEPLOYMENT_TARGET = 14.0;
				LD_RUNPATH_SEARCH_PATHS = (
					"$(inherited)",
					"@executable_path/Frameworks",
				);
				MARKETING_VERSION = 1.0;
				PRODUCT_BUNDLE_IDENTIFIER = "diarmuiddevs.NFC-in-KMP-IOSDemo";
				PRODUCT_NAME = "$(TARGET_NAME)";
				SWIFT_EMIT_LOC_STRINGS = YES;
				SWIFT_VERSION = 5.0;
				TARGETED_DEVICE_FAMILY = "1,2";
			};
			name = Release;
		};
/* End XCBuildConfiguration section */

/* Begin XCConfigurationList section */
		26F251F72BEF6DF1000D7DFD /* Build configuration list for PBXProject "NFC-in-KMP-IOS-Demo" */ = {
			isa = XCConfigurationList;
			buildConfigurations = (
				26F252082BEF6DF2000D7DFD /* Debug */,
				26F252092BEF6DF2000D7DFD /* Release */,
			);
			defaultConfigurationIsVisible = 0;
			defaultConfigurationName = Release;
		};
		26F2520A2BEF6DF2000D7DFD /* Build configuration list for PBXNativeTarget "NFC-in-KMP-IOS-Demo" */ = {
			isa = XCConfigurationList;
			buildConfigurations = (
				26F2520B2BEF6DF2000D7DFD /* Debug */,
				26F2520C2BEF6DF2000D7DFD /* Release */,
			);
			defaultConfigurationIsVisible = 0;
			defaultConfigurationName = Release;
		};
/* End XCConfigurationList section */

/* Begin XCLocalSwiftPackageReference section */
		261FC2042C0342B4000F5847 /* XCLocalSwiftPackageReference "../nfc_in_kmp" */ = {
			isa = XCLocalSwiftPackageReference;
			relativePath = ../nfc_in_kmp;
		};
/* End XCLocalSwiftPackageReference section */

/* Begin XCSwiftPackageProductDependency section */
		261FC2052C0342B4000F5847 /* nfc_in_kmp */ = {
			isa = XCSwiftPackageProductDependency;
			productName = nfc_in_kmp;
		};
		26F2520E2BEF74CB000D7DFD /* nfc_in_kmp */ = {
			isa = XCSwiftPackageProductDependency;
			productName = nfc_in_kmp;
		};
/* End XCSwiftPackageProductDependency section */
	};
	rootObject = 26F251F42BEF6DF1000D7DFD /* Project object */;
}
